
Microsoft Visual Studio Solution File, Format Version 12.00
# Visual Studio Version 17
VisualStudioVersion = 17.0.31903.59
MinimumVisualStudioVersion = 10.0.40219.1
Project("{F2A71F9B-5D33-465A-A702-920D77279786}") = "FSharpWorkshop", "FSharpWorkshop\FSharpWorkshop.fsproj", "{8C7CA701-A078-4CE7-B08A-C98FE568F63F}"
EndProject
Project("{F2A71F9B-5D33-465A-A702-920D77279786}") = "FSharpWorkshop.Tests", "FSharpWorkshop.Tests\FSharpWorkshop.Tests.fsproj", "{9D888F10-8FD7-4B5E-A13C-553F9C5F139E}"
EndProject
Project("{FAE04EC0-301F-11D3-BF4B-00C04F79EFBC}") = "FSharpWorkshop.FunctionalCSharp", "FSharpWorkshop.FunctionalCSharp\FSharpWorkshop.FunctionalCSharp.csproj", "{2D60F0D3-C009-4D7D-AF9A-F8CFE2C6C7B7}"
EndProject
Project("{FAE04EC0-301F-11D3-BF4B-00C04F79EFBC}") = "FSharpWorkshop.FunctionalCSharp.Tests", "FSharpWorkshop.FunctionalCSharp.Tests\FSharpWorkshop.FunctionalCSharp.Tests.csproj", "{5ED4B8F3-32A8-44F4-8B59-EC55042E0A5D}"
EndProject
Global
	GlobalSection(SolutionConfigurationPlatforms) = preSolution
		Debug|Any CPU = Debug|Any CPU
		Release|Any CPU = Release|Any CPU
	EndGlobalSection
	GlobalSection(SolutionProperties) = preSolution
		HideSolutionNode = FALSE
	EndGlobalSection
	GlobalSection(ProjectConfigurationPlatforms) = postSolution
		{8C7CA701-A078-4CE7-B08A-C98FE568F63F}.Debug|Any CPU.ActiveCfg = Debug|Any CPU
		{8C7CA701-A078-4CE7-B08A-C98FE568F63F}.Debug|Any CPU.Build.0 = Debug|Any CPU
		{8C7CA701-A078-4CE7-B08A-C98FE568F63F}.Release|Any CPU.ActiveCfg = Release|Any CPU
		{8C7CA701-A078-4CE7-B08A-C98FE568F63F}.Release|Any CPU.Build.0 = Release|Any CPU
		{9D888F10-8FD7-4B5E-A13C-553F9C5F139E}.Debug|Any CPU.ActiveCfg = Debug|Any CPU
		{9D888F10-8FD7-4B5E-A13C-553F9C5F139E}.Debug|Any CPU.Build.0 = Debug|Any CPU
		{9D888F10-8FD7-4B5E-A13C-553F9C5F139E}.Release|Any CPU.ActiveCfg = Release|Any CPU
		{9D888F10-8FD7-4B5E-A13C-553F9C5F139E}.Release|Any CPU.Build.0 = Release|Any CPU
		{2D60F0D3-C009-4D7D-AF9A-F8CFE2C6C7B7}.Debug|Any CPU.ActiveCfg = Debug|Any CPU
		{2D60F0D3-C009-4D7D-AF9A-F8CFE2C6C7B7}.Debug|Any CPU.Build.0 = Debug|Any CPU
		{2D60F0D3-C009-4D7D-AF9A-F8CFE2C6C7B7}.Release|Any CPU.ActiveCfg = Release|Any CPU
		{2D60F0D3-C009-4D7D-AF9A-F8CFE2C6C7B7}.Release|Any CPU.Build.0 = Release|Any CPU
		{5ED4B8F3-32A8-44F4-8B59-EC55042E0A5D}.Debug|Any CPU.ActiveCfg = Debug|Any CPU
		{5ED4B8F3-32A8-44F4-8B59-EC55042E0A5D}.Debug|Any CPU.Build.0 = Debug|Any CPU
		{5ED4B8F3-32A8-44F4-8B59-EC55042E0A5D}.Release|Any CPU.ActiveCfg = Release|Any CPU
		{5ED4B8F3-32A8-44F4-8B59-EC55042E0A5D}.Release|Any CPU.Build.0 = Release|Any CPU
	EndGlobalSection
EndGlobal
